
Microsoft Visual Studio Solution File, Format Version 12.00
# Visual Studio Version 16
VisualStudioVersion = 16.0.29519.181
MinimumVisualStudioVersion = 10.0.40219.1
Project("{888888A0-9F3D-457C-B088-3A5042F75D52}") = "UseCase_TSP_naive_solver", "UseCase_TSP_naive_solver\UseCase_TSP_naive_solver.pyproj", "{F4821EF1-A827-4B2A-AD12-F4873ADA12A6}"
EndProject
Global
	GlobalSection(SolutionConfigurationPlatforms) = preSolution
		Debug|Any CPU = Debug|Any CPU
		Release|Any CPU = Release|Any CPU
	EndGlobalSection
	GlobalSection(ProjectConfigurationPlatforms) = postSolution
		{F4821EF1-A827-4B2A-AD12-F4873ADA12A6}.Debug|Any CPU.ActiveCfg = Debug|Any CPU
		{F4821EF1-A827-4B2A-AD12-F4873ADA12A6}.Release|Any CPU.ActiveCfg = Release|Any CPU
	EndGlobalSection
	GlobalSection(SolutionProperties) = preSolution
		HideSolutionNode = FALSE
	EndGlobalSection
	GlobalSection(ExtensibilityGlobals) = postSolution
		SolutionGuid = {5935C34A-C345-4CBE-BDD2-36419ECAF737}
	EndGlobalSection
EndGlobal
